{
  "requires": true,
  "lockfileVersion": 1,
  "dependencies": {
    "@babel/helper-plugin-utils": {
      "version": "7.8.3",
      "resolved": "https://registry.npmjs.org/@babel/helper-plugin-utils/-/helper-plugin-utils-7.8.3.tgz",
      "integrity": "sha512-j+fq49Xds2smCUNYmEHF9kGNkhbet6yVIBp4e6oeQpH1RUs/Ir06xUKzDjDkGcaaokPiTNs2JBWHjaE4csUkZQ=="
    },
    "@babel/helper-regex": {
      "version": "7.8.3",
      "resolved": "https://registry.npmjs.org/@babel/helper-regex/-/helper-regex-7.8.3.tgz",
      "integrity": "sha512-BWt0QtYv/cg/NecOAZMdcn/waj/5P26DR4mVLXfFtDokSR6fyuG0Pj+e2FqtSME+MqED1khnSMulkmGl8qWiUQ==",
      "requires": {
        "lodash": "^4.17.13"
      }
    },
    "@babel/parser": {
      "version": "7.8.7",
      "resolved": "https://registry.npmjs.org/@babel/parser/-/parser-7.8.7.tgz",
      "integrity": "sha512-9JWls8WilDXFGxs0phaXAZgpxTZhSk/yOYH2hTHC0X1yC7Z78IJfvR1vJ+rmJKq3I35td2XzXzN6ZLYlna+r/A=="
    },
    "@babel/plugin-proposal-dynamic-import": {
      "version": "7.8.3",
      "resolved": "https://registry.npmjs.org/@babel/plugin-proposal-dynamic-import/-/plugin-proposal-dynamic-import-7.8.3.tgz",
      "integrity": "sha512-NyaBbyLFXFLT9FP+zk0kYlUlA8XtCUbehs67F0nnEg7KICgMc2mNkIeu9TYhKzyXMkrapZFwAhXLdnt4IYHy1w==",
      "requires": {
        "@babel/helper-plugin-utils": "^7.8.3",
        "@babel/plugin-syntax-dynamic-import": "^7.8.0"
      }
    },
    "@babel/plugin-proposal-export-default-from": {
      "version": "7.8.3",
      "resolved": "https://registry.npmjs.org/@babel/plugin-proposal-export-default-from/-/plugin-proposal-export-default-from-7.8.3.tgz",
      "integrity": "sha512-PYtv2S2OdCdp7GSPDg5ndGZFm9DmWFvuLoS5nBxZCgOBggluLnhTScspJxng96alHQzPyrrHxvC9/w4bFuspeA==",
      "requires": {
        "@babel/helper-plugin-utils": "^7.8.3",
        "@babel/plugin-syntax-export-default-from": "^7.8.3"
      }
    },
    "@babel/plugin-proposal-json-strings": {
      "version": "7.8.3",
      "resolved": "https://registry.npmjs.org/@babel/plugin-proposal-json-strings/-/plugin-proposal-json-strings-7.8.3.tgz",
      "integrity": "sha512-KGhQNZ3TVCQG/MjRbAUwuH+14y9q0tpxs1nWWs3pbSleRdDro9SAMMDyye8HhY1gqZ7/NqIc8SKhya0wRDgP1Q==",
      "requires": {
        "@babel/helper-plugin-utils": "^7.8.3",
        "@babel/plugin-syntax-json-strings": "^7.8.0"
      }
    },
    "@babel/plugin-proposal-nullish-coalescing-operator": {
      "version": "7.8.3",
      "resolved": "https://registry.npmjs.org/@babel/plugin-proposal-nullish-coalescing-operator/-/plugin-proposal-nullish-coalescing-operator-7.8.3.tgz",
      "integrity": "sha512-TS9MlfzXpXKt6YYomudb/KU7nQI6/xnapG6in1uZxoxDghuSMZsPb6D2fyUwNYSAp4l1iR7QtFOjkqcRYcUsfw==",
      "requires": {
        "@babel/helper-plugin-utils": "^7.8.3",
        "@babel/plugin-syntax-nullish-coalescing-operator": "^7.8.0"
      }
    },
    "@babel/plugin-proposal-object-rest-spread": {
      "version": "7.8.3",
      "resolved": "https://registry.npmjs.org/@babel/plugin-proposal-object-rest-spread/-/plugin-proposal-object-rest-spread-7.8.3.tgz",
      "integrity": "sha512-8qvuPwU/xxUCt78HocNlv0mXXo0wdh9VT1R04WU8HGOfaOob26pF+9P5/lYjN/q7DHOX1bvX60hnhOvuQUJdbA==",
      "requires": {
        "@babel/helper-plugin-utils": "^7.8.3",
        "@babel/plugin-syntax-object-rest-spread": "^7.8.0"
      }
    },
    "@babel/plugin-proposal-optional-catch-binding": {
      "version": "7.8.3",
      "resolved": "https://registry.npmjs.org/@babel/plugin-proposal-optional-catch-binding/-/plugin-proposal-optional-catch-binding-7.8.3.tgz",
      "integrity": "sha512-0gkX7J7E+AtAw9fcwlVQj8peP61qhdg/89D5swOkjYbkboA2CVckn3kiyum1DE0wskGb7KJJxBdyEBApDLLVdw==",
      "requires": {
        "@babel/helper-plugin-utils": "^7.8.3",
        "@babel/plugin-syntax-optional-catch-binding": "^7.8.0"
      }
    },
    "@babel/plugin-proposal-optional-chaining": {
      "version": "7.8.3",
      "resolved": "https://registry.npmjs.org/@babel/plugin-proposal-optional-chaining/-/plugin-proposal-optional-chaining-7.8.3.tgz",
      "integrity": "sha512-QIoIR9abkVn+seDE3OjA08jWcs3eZ9+wJCKSRgo3WdEU2csFYgdScb+8qHB3+WXsGJD55u+5hWCISI7ejXS+kg==",
      "requires": {
        "@babel/helper-plugin-utils": "^7.8.3",
        "@babel/plugin-syntax-optional-chaining": "^7.8.0"
      }
    },
    "@babel/plugin-syntax-async-generators": {
      "version": "7.8.4",
      "resolved": "https://registry.npmjs.org/@babel/plugin-syntax-async-generators/-/plugin-syntax-async-generators-7.8.4.tgz",
      "integrity": "sha512-tycmZxkGfZaxhMRbXlPXuVFpdWlXpir2W4AMhSJgRKzk/eDlIXOhb2LHWoLpDF7TEHylV5zNhykX6KAgHJmTNw==",
      "requires": {
        "@babel/helper-plugin-utils": "^7.8.0"
      }
    },
    "@babel/plugin-syntax-decorators": {
      "version": "7.8.3",
      "resolved": "https://registry.npmjs.org/@babel/plugin-syntax-decorators/-/plugin-syntax-decorators-7.8.3.tgz",
      "integrity": "sha512-8Hg4dNNT9/LcA1zQlfwuKR8BUc/if7Q7NkTam9sGTcJphLwpf2g4S42uhspQrIrR+dpzE0dtTqBVFoHl8GtnnQ==",
      "requires": {
        "@babel/helper-plugin-utils": "^7.8.3"
      }
    },
    "@babel/plugin-syntax-dynamic-import": {
      "version": "7.8.3",
      "resolved": "https://registry.npmjs.org/@babel/plugin-syntax-dynamic-import/-/plugin-syntax-dynamic-import-7.8.3.tgz",
      "integrity": "sha512-5gdGbFon+PszYzqs83S3E5mpi7/y/8M9eC90MRTZfduQOYW76ig6SOSPNe41IG5LoP3FGBn2N0RjVDSQiS94kQ==",
      "requires": {
        "@babel/helper-plugin-utils": "^7.8.0"
      }
    },
    "@babel/plugin-syntax-export-default-from": {
      "version": "7.8.3",
      "resolved": "https://registry.npmjs.org/@babel/plugin-syntax-export-default-from/-/plugin-syntax-export-default-from-7.8.3.tgz",
      "integrity": "sha512-a1qnnsr73KLNIQcQlcQ4ZHxqqfBKM6iNQZW2OMTyxNbA2WC7SHWHtGVpFzWtQAuS2pspkWVzdEBXXx8Ik0Za4w==",
      "requires": {
        "@babel/helper-plugin-utils": "^7.8.3"
      }
    },
    "@babel/plugin-syntax-flow": {
      "version": "7.8.3",
      "resolved": "https://registry.npmjs.org/@babel/plugin-syntax-flow/-/plugin-syntax-flow-7.8.3.tgz",
      "integrity": "sha512-innAx3bUbA0KSYj2E2MNFSn9hiCeowOFLxlsuhXzw8hMQnzkDomUr9QCD7E9VF60NmnG1sNTuuv6Qf4f8INYsg==",
      "requires": {
        "@babel/helper-plugin-utils": "^7.8.3"
      }
    },
    "@babel/plugin-syntax-json-strings": {
      "version": "7.8.3",
      "resolved": "https://registry.npmjs.org/@babel/plugin-syntax-json-strings/-/plugin-syntax-json-strings-7.8.3.tgz",
      "integrity": "sha512-lY6kdGpWHvjoe2vk4WrAapEuBR69EMxZl+RoGRhrFGNYVK8mOPAW8VfbT/ZgrFbXlDNiiaxQnAtgVCZ6jv30EA==",
      "requires": {
        "@babel/helper-plugin-utils": "^7.8.0"
      }
    },
    "@babel/plugin-syntax-jsx": {
      "version": "7.8.3",
      "resolved": "https://registry.npmjs.org/@babel/plugin-syntax-jsx/-/plugin-syntax-jsx-7.8.3.tgz",
      "integrity": "sha512-WxdW9xyLgBdefoo0Ynn3MRSkhe5tFVxxKNVdnZSh318WrG2e2jH+E9wd/++JsqcLJZPfz87njQJ8j2Upjm0M0A==",
      "requires": {
        "@babel/helper-plugin-utils": "^7.8.3"
      }
    },
    "@babel/plugin-syntax-nullish-coalescing-operator": {
      "version": "7.8.3",
      "resolved": "https://registry.npmjs.org/@babel/plugin-syntax-nullish-coalescing-operator/-/plugin-syntax-nullish-coalescing-operator-7.8.3.tgz",
      "integrity": "sha512-aSff4zPII1u2QD7y+F8oDsz19ew4IGEJg9SVW+bqwpwtfFleiQDMdzA/R+UlWDzfnHFCxxleFT0PMIrR36XLNQ==",
      "requires": {
        "@babel/helper-plugin-utils": "^7.8.0"
      }
    },
    "@babel/plugin-syntax-object-rest-spread": {
      "version": "7.8.3",
      "resolved": "https://registry.npmjs.org/@babel/plugin-syntax-object-rest-spread/-/plugin-syntax-object-rest-spread-7.8.3.tgz",
      "integrity": "sha512-XoqMijGZb9y3y2XskN+P1wUGiVwWZ5JmoDRwx5+3GmEplNyVM2s2Dg8ILFQm8rWM48orGy5YpI5Bl8U1y7ydlA==",
      "requires": {
        "@babel/helper-plugin-utils": "^7.8.0"
      }
    },
    "@babel/plugin-syntax-optional-catch-binding": {
      "version": "7.8.3",
      "resolved": "https://registry.npmjs.org/@babel/plugin-syntax-optional-catch-binding/-/plugin-syntax-optional-catch-binding-7.8.3.tgz",
      "integrity": "sha512-6VPD0Pc1lpTqw0aKoeRTMiB+kWhAoT24PA+ksWSBrFtl5SIRVpZlwN3NNPQjehA2E/91FV3RjLWoVTglWcSV3Q==",
      "requires": {
        "@babel/helper-plugin-utils": "^7.8.0"
      }
    },
    "@babel/plugin-syntax-optional-chaining": {
      "version": "7.8.3",
      "resolved": "https://registry.npmjs.org/@babel/plugin-syntax-optional-chaining/-/plugin-syntax-optional-chaining-7.8.3.tgz",
      "integrity": "sha512-KoK9ErH1MBlCPxV0VANkXW2/dw4vlbGDrFgz8bmUsBGYkFRcbRwMh6cIJubdPrkxRwuGdtCk0v/wPTKbQgBjkg==",
      "requires": {
        "@babel/helper-plugin-utils": "^7.8.0"
      }
    },
    "@babel/plugin-syntax-top-level-await": {
      "version": "7.8.3",
      "resolved": "https://registry.npmjs.org/@babel/plugin-syntax-top-level-await/-/plugin-syntax-top-level-await-7.8.3.tgz",
      "integrity": "sha512-kwj1j9lL/6Wd0hROD3b/OZZ7MSrZLqqn9RAZ5+cYYsflQ9HZBIKCUkr3+uL1MEJ1NePiUbf98jjiMQSv0NMR9g==",
      "requires": {
        "@babel/helper-plugin-utils": "^7.8.3"
      }
    },
    "@babel/plugin-syntax-typescript": {
      "version": "7.8.3",
      "resolved": "https://registry.npmjs.org/@babel/plugin-syntax-typescript/-/plugin-syntax-typescript-7.8.3.tgz",
      "integrity": "sha512-GO1MQ/SGGGoiEXY0e0bSpHimJvxqB7lktLLIq2pv8xG7WZ8IMEle74jIe1FhprHBWjwjZtXHkycDLZXIWM5Wfg==",
      "requires": {
        "@babel/helper-plugin-utils": "^7.8.3"
      }
    },
    "@babel/plugin-transform-arrow-functions": {
      "version": "7.8.3",
      "resolved": "https://registry.npmjs.org/@babel/plugin-transform-arrow-functions/-/plugin-transform-arrow-functions-7.8.3.tgz",
      "integrity": "sha512-0MRF+KC8EqH4dbuITCWwPSzsyO3HIWWlm30v8BbbpOrS1B++isGxPnnuq/IZvOX5J2D/p7DQalQm+/2PnlKGxg==",
      "requires": {
        "@babel/helper-plugin-utils": "^7.8.3"
      }
    },
    "@babel/plugin-transform-block-scoped-functions": {
      "version": "7.8.3",
      "resolved": "https://registry.npmjs.org/@babel/plugin-transform-block-scoped-functions/-/plugin-transform-block-scoped-functions-7.8.3.tgz",
      "integrity": "sha512-vo4F2OewqjbB1+yaJ7k2EJFHlTP3jR634Z9Cj9itpqNjuLXvhlVxgnjsHsdRgASR8xYDrx6onw4vW5H6We0Jmg==",
      "requires": {
        "@babel/helper-plugin-utils": "^7.8.3"
      }
    },
    "@babel/plugin-transform-block-scoping": {
      "version": "7.8.3",
      "resolved": "https://registry.npmjs.org/@babel/plugin-transform-block-scoping/-/plugin-transform-block-scoping-7.8.3.tgz",
      "integrity": "sha512-pGnYfm7RNRgYRi7bids5bHluENHqJhrV4bCZRwc5GamaWIIs07N4rZECcmJL6ZClwjDz1GbdMZFtPs27hTB06w==",
      "requires": {
        "@babel/helper-plugin-utils": "^7.8.3",
        "lodash": "^4.17.13"
      }
    },
    "@babel/plugin-transform-computed-properties": {
      "version": "7.8.3",
      "resolved": "https://registry.npmjs.org/@babel/plugin-transform-computed-properties/-/plugin-transform-computed-properties-7.8.3.tgz",
      "integrity": "sha512-O5hiIpSyOGdrQZRQ2ccwtTVkgUDBBiCuK//4RJ6UfePllUTCENOzKxfh6ulckXKc0DixTFLCfb2HVkNA7aDpzA==",
      "requires": {
        "@babel/helper-plugin-utils": "^7.8.3"
      }
    },
    "@babel/plugin-transform-destructuring": {
      "version": "7.8.3",
      "resolved": "https://registry.npmjs.org/@babel/plugin-transform-destructuring/-/plugin-transform-destructuring-7.8.3.tgz",
      "integrity": "sha512-H4X646nCkiEcHZUZaRkhE2XVsoz0J/1x3VVujnn96pSoGCtKPA99ZZA+va+gK+92Zycd6OBKCD8tDb/731bhgQ==",
      "requires": {
        "@babel/helper-plugin-utils": "^7.8.3"
      }
    },
    "@babel/plugin-transform-duplicate-keys": {
      "version": "7.8.3",
      "resolved": "https://registry.npmjs.org/@babel/plugin-transform-duplicate-keys/-/plugin-transform-duplicate-keys-7.8.3.tgz",
      "integrity": "sha512-s8dHiBUbcbSgipS4SMFuWGqCvyge5V2ZeAWzR6INTVC3Ltjig/Vw1G2Gztv0vU/hRG9X8IvKvYdoksnUfgXOEQ==",
      "requires": {
        "@babel/helper-plugin-utils": "^7.8.3"
      }
    },
    "@babel/plugin-transform-flow-strip-types": {
      "version": "7.8.3",
      "resolved": "https://registry.npmjs.org/@babel/plugin-transform-flow-strip-types/-/plugin-transform-flow-strip-types-7.8.3.tgz",
      "integrity": "sha512-g/6WTWG/xbdd2exBBzMfygjX/zw4eyNC4X8pRaq7aRHRoDUCzAIu3kGYIXviOv8BjCuWm8vDBwjHcjiRNgXrPA==",
      "requires": {
        "@babel/helper-plugin-utils": "^7.8.3",
        "@babel/plugin-syntax-flow": "^7.8.3"
      }
    },
    "@babel/plugin-transform-for-of": {
      "version": "7.8.6",
      "resolved": "https://registry.npmjs.org/@babel/plugin-transform-for-of/-/plugin-transform-for-of-7.8.6.tgz",
      "integrity": "sha512-M0pw4/1/KI5WAxPsdcUL/w2LJ7o89YHN3yLkzNjg7Yl15GlVGgzHyCU+FMeAxevHGsLVmUqbirlUIKTafPmzdw==",
      "requires": {
        "@babel/helper-plugin-utils": "^7.8.3"
      }
    },
    "@babel/plugin-transform-literals": {
      "version": "7.8.3",
      "resolved": "https://registry.npmjs.org/@babel/plugin-transform-literals/-/plugin-transform-literals-7.8.3.tgz",
      "integrity": "sha512-3Tqf8JJ/qB7TeldGl+TT55+uQei9JfYaregDcEAyBZ7akutriFrt6C/wLYIer6OYhleVQvH/ntEhjE/xMmy10A==",
      "requires": {
        "@babel/helper-plugin-utils": "^7.8.3"
      }
    },
    "@babel/plugin-transform-member-expression-literals": {
      "version": "7.8.3",
      "resolved": "https://registry.npmjs.org/@babel/plugin-transform-member-expression-literals/-/plugin-transform-member-expression-literals-7.8.3.tgz",
      "integrity": "sha512-3Wk2EXhnw+rP+IDkK6BdtPKsUE5IeZ6QOGrPYvw52NwBStw9V1ZVzxgK6fSKSxqUvH9eQPR3tm3cOq79HlsKYA==",
      "requires": {
        "@babel/helper-plugin-utils": "^7.8.3"
      }
    },
    "@babel/plugin-transform-new-target": {
      "version": "7.8.3",
      "resolved": "https://registry.npmjs.org/@babel/plugin-transform-new-target/-/plugin-transform-new-target-7.8.3.tgz",
      "integrity": "sha512-QuSGysibQpyxexRyui2vca+Cmbljo8bcRckgzYV4kRIsHpVeyeC3JDO63pY+xFZ6bWOBn7pfKZTqV4o/ix9sFw==",
      "requires": {
        "@babel/helper-plugin-utils": "^7.8.3"
      }
    },
    "@babel/plugin-transform-object-assign": {
      "version": "7.8.3",
      "resolved": "https://registry.npmjs.org/@babel/plugin-transform-object-assign/-/plugin-transform-object-assign-7.8.3.tgz",
      "integrity": "sha512-i3LuN8tPDqUCRFu3dkzF2r1Nx0jp4scxtm7JxtIqI9he9Vk20YD+/zshdzR9JLsoBMlJlNR82a62vQExNEVx/Q==",
      "requires": {
        "@babel/helper-plugin-utils": "^7.8.3"
      }
    },
    "@babel/plugin-transform-property-literals": {
      "version": "7.8.3",
      "resolved": "https://registry.npmjs.org/@babel/plugin-transform-property-literals/-/plugin-transform-property-literals-7.8.3.tgz",
      "integrity": "sha512-uGiiXAZMqEoQhRWMK17VospMZh5sXWg+dlh2soffpkAl96KAm+WZuJfa6lcELotSRmooLqg0MWdH6UUq85nmmg==",
      "requires": {
        "@babel/helper-plugin-utils": "^7.8.3"
      }
    },
    "@babel/plugin-transform-react-display-name": {
      "version": "7.8.3",
      "resolved": "https://registry.npmjs.org/@babel/plugin-transform-react-display-name/-/plugin-transform-react-display-name-7.8.3.tgz",
      "integrity": "sha512-3Jy/PCw8Fe6uBKtEgz3M82ljt+lTg+xJaM4og+eyu83qLT87ZUSckn0wy7r31jflURWLO83TW6Ylf7lyXj3m5A==",
      "requires": {
        "@babel/helper-plugin-utils": "^7.8.3"
      }
    },
    "@babel/plugin-transform-react-jsx-source": {
      "version": "7.8.3",
      "resolved": "https://registry.npmjs.org/@babel/plugin-transform-react-jsx-source/-/plugin-transform-react-jsx-source-7.8.3.tgz",
      "integrity": "sha512-PLMgdMGuVDtRS/SzjNEQYUT8f4z1xb2BAT54vM1X5efkVuYBf5WyGUMbpmARcfq3NaglIwz08UVQK4HHHbC6ag==",
      "requires": {
        "@babel/helper-plugin-utils": "^7.8.3",
        "@babel/plugin-syntax-jsx": "^7.8.3"
      }
    },
    "@babel/plugin-transform-reserved-words": {
      "version": "7.8.3",
      "resolved": "https://registry.npmjs.org/@babel/plugin-transform-reserved-words/-/plugin-transform-reserved-words-7.8.3.tgz",
      "integrity": "sha512-mwMxcycN3omKFDjDQUl+8zyMsBfjRFr0Zn/64I41pmjv4NJuqcYlEtezwYtw9TFd9WR1vN5kiM+O0gMZzO6L0A==",
      "requires": {
        "@babel/helper-plugin-utils": "^7.8.3"
      }
    },
    "@babel/plugin-transform-shorthand-properties": {
      "version": "7.8.3",
      "resolved": "https://registry.npmjs.org/@babel/plugin-transform-shorthand-properties/-/plugin-transform-shorthand-properties-7.8.3.tgz",
      "integrity": "sha512-I9DI6Odg0JJwxCHzbzW08ggMdCezoWcuQRz3ptdudgwaHxTjxw5HgdFJmZIkIMlRymL6YiZcped4TTCB0JcC8w==",
      "requires": {
        "@babel/helper-plugin-utils": "^7.8.3"
      }
    },
    "@babel/plugin-transform-spread": {
      "version": "7.8.3",
      "resolved": "https://registry.npmjs.org/@babel/plugin-transform-spread/-/plugin-transform-spread-7.8.3.tgz",
      "integrity": "sha512-CkuTU9mbmAoFOI1tklFWYYbzX5qCIZVXPVy0jpXgGwkplCndQAa58s2jr66fTeQnA64bDox0HL4U56CFYoyC7g==",
      "requires": {
        "@babel/helper-plugin-utils": "^7.8.3"
      }
    },
    "@babel/plugin-transform-sticky-regex": {
      "version": "7.8.3",
      "resolved": "https://registry.npmjs.org/@babel/plugin-transform-sticky-regex/-/plugin-transform-sticky-regex-7.8.3.tgz",
      "integrity": "sha512-9Spq0vGCD5Bb4Z/ZXXSK5wbbLFMG085qd2vhL1JYu1WcQ5bXqZBAYRzU1d+p79GcHs2szYv5pVQCX13QgldaWw==",
      "requires": {
        "@babel/helper-plugin-utils": "^7.8.3",
        "@babel/helper-regex": "^7.8.3"
      }
    },
    "@babel/plugin-transform-typeof-symbol": {
      "version": "7.8.4",
      "resolved": "https://registry.npmjs.org/@babel/plugin-transform-typeof-symbol/-/plugin-transform-typeof-symbol-7.8.4.tgz",
      "integrity": "sha512-2QKyfjGdvuNfHsb7qnBBlKclbD4CfshH2KvDabiijLMGXPHJXGxtDzwIF7bQP+T0ysw8fYTtxPafgfs/c1Lrqg==",
      "requires": {
        "@babel/helper-plugin-utils": "^7.8.3"
      }
    },
    "@types/lodash": {
      "version": "4.14.149",
      "resolved": "https://registry.npmjs.org/@types/lodash/-/lodash-4.14.149.tgz",
      "integrity": "sha512-ijGqzZt/b7BfzcK9vTrS6MFljQRPn5BFWOx8oE0GYxribu6uV+aA9zZuXI1zc/etK9E8nrgdoF2+LgUw7+9tJQ=="
    },
    "@types/websql": {
      "version": "0.0.27",
      "resolved": "https://registry.npmjs.org/@types/websql/-/websql-0.0.27.tgz",
      "integrity": "sha1-Yhpman8CAY58u0q6uVaiVzbCfXE="
    },
    "ansi-regex": {
      "version": "3.0.0",
      "resolved": "https://registry.npmjs.org/ansi-regex/-/ansi-regex-3.0.0.tgz",
      "integrity": "sha1-7QMXwyIGT3lGbAKWa922Bas32Zg="
    },
    "ansi-styles": {
      "version": "3.2.1",
      "resolved": "https://registry.npmjs.org/ansi-styles/-/ansi-styles-3.2.1.tgz",
      "integrity": "sha512-VT0ZI6kZRdTh8YyJw3SMbYm/u+NqfsAxEpWO0Pf9sq8/e94WxxOpPKx9FR1FlyCtOVDNOQ+8ntlqFxiRc+r5qA==",
      "requires": {
        "color-convert": "^1.9.0"
      }
    },
    "argsarray": {
      "version": "0.0.1",
      "resolved": "https://registry.npmjs.org/argsarray/-/argsarray-0.0.1.tgz",
      "integrity": "sha1-bnIHtOzbObCviDA/pa4ivajfYcs="
    },
    "asap": {
      "version": "2.0.6",
      "resolved": "https://registry.npmjs.org/asap/-/asap-2.0.6.tgz",
      "integrity": "sha1-5QNHYR1+aQlDIIu9r+vLwvuGbUY="
    },
    "babel-plugin-react-native-web": {
      "version": "0.11.7",
      "resolved": "https://registry.npmjs.org/babel-plugin-react-native-web/-/babel-plugin-react-native-web-0.11.7.tgz",
      "integrity": "sha512-CxE7uhhqkzAFkwV2X7+Mc/UVPujQQDtja/EGxCXRJvdYRi72QTmaJYKbK1lV9qgTZuB+TDguU89coaA9Z1BNbg=="
    },
    "balanced-match": {
      "version": "1.0.0",
      "resolved": "https://registry.npmjs.org/balanced-match/-/balanced-match-1.0.0.tgz",
      "integrity": "sha1-ibTRmasr7kneFk6gK4nORi1xt2c="
    },
    "base64-js": {
      "version": "1.3.1",
      "resolved": "https://registry.npmjs.org/base64-js/-/base64-js-1.3.1.tgz",
      "integrity": "sha512-mLQ4i2QO1ytvGWFWmcngKO//JXAQueZvwEKtjgQFM4jIK0kU+ytMfplL8j+n5mspOfjHwoAg+9yhb7BwAHm36g=="
    },
    "blueimp-md5": {
      "version": "2.12.0",
      "resolved": "https://registry.npmjs.org/blueimp-md5/-/blueimp-md5-2.12.0.tgz",
      "integrity": "sha512-zo+HIdIhzojv6F1siQPqPFROyVy7C50KzHv/k/Iz+BtvtVzSHXiMXOpq2wCfNkeBqdCv+V8XOV96tsEt2W/3rQ=="
    },
    "brace-expansion": {
      "version": "1.1.11",
      "resolved": "https://registry.npmjs.org/brace-expansion/-/brace-expansion-1.1.11.tgz",
      "integrity": "sha512-iCuPHDFgrHX7H2vEI/5xpz07zSHB00TpugqhmYtVmMO6518mCuRMoOYFldEBl0g187ufozdaHgWKcYFb61qGiA==",
      "requires": {
        "balanced-match": "^1.0.0",
        "concat-map": "0.0.1"
      }
    },
    "browserslist": {
      "version": "4.9.1",
      "resolved": "https://registry.npmjs.org/browserslist/-/browserslist-4.9.1.tgz",
      "integrity": "sha512-Q0DnKq20End3raFulq6Vfp1ecB9fh8yUNV55s8sekaDDeqBaCtWlRHCUdaWyUeSSBJM7IbM6HcsyaeYqgeDhnw==",
      "requires": {
        "caniuse-lite": "^1.0.30001030",
        "electron-to-chromium": "^1.3.363",
        "node-releases": "^1.1.50"
      }
    },
    "bson": {
      "version": "4.0.2",
      "resolved": "https://registry.npmjs.org/bson/-/bson-4.0.2.tgz",
      "integrity": "sha512-rBdCxMBCg2aR420e1oKUejjcuPZLTibA7zEhWAlliFWEwzuBCC9Dkp5r7VFFIQB2t1WVsvTbohry575mc7Xw5A==",
      "requires": {
        "buffer": "^5.1.0",
        "long": "^4.0.0"
      }
    },
    "buffer": {
      "version": "5.5.0",
      "resolved": "https://registry.npmjs.org/buffer/-/buffer-5.5.0.tgz",
      "integrity": "sha512-9FTEDjLjwoAkEwyMGDjYJQN2gfRgOKBKRfiglhvibGbpeeU/pQn1bJxQqm32OD/AIeEuHxU9roxXxg34Byp/Ww==",
      "requires": {
        "base64-js": "^1.0.2",
        "ieee754": "^1.1.4"
      }
    },
    "buffer-alloc": {
      "version": "1.2.0",
      "resolved": "https://registry.npmjs.org/buffer-alloc/-/buffer-alloc-1.2.0.tgz",
      "integrity": "sha512-CFsHQgjtW1UChdXgbyJGtnm+O/uLQeZdtbDo8mfUgYXCHSM1wgrVxXm6bSyrUuErEb+4sYVGCzASBRot7zyrow==",
      "requires": {
        "buffer-alloc-unsafe": "^1.1.0",
        "buffer-fill": "^1.0.0"
      }
    },
    "buffer-alloc-unsafe": {
      "version": "1.1.0",
      "resolved": "https://registry.npmjs.org/buffer-alloc-unsafe/-/buffer-alloc-unsafe-1.1.0.tgz",
      "integrity": "sha512-TEM2iMIEQdJ2yjPJoSIsldnleVaAk1oW3DBVUykyOLsEsFmEc9kn+SFFPz+gl54KQNxlDnAwCXosOS9Okx2xAg=="
    },
    "buffer-equal-constant-time": {
      "version": "1.0.1",
      "resolved": "https://registry.npmjs.org/buffer-equal-constant-time/-/buffer-equal-constant-time-1.0.1.tgz",
      "integrity": "sha1-+OcRMvf/5uAaXJaXpMbz5I1cyBk="
    },
    "buffer-fill": {
      "version": "1.0.0",
      "resolved": "https://registry.npmjs.org/buffer-fill/-/buffer-fill-1.0.0.tgz",
      "integrity": "sha1-+PeLdniYiO858gXNY39o5wISKyw="
    },
    "caniuse-lite": {
      "version": "1.0.30001032",
      "resolved": "https://registry.npmjs.org/caniuse-lite/-/caniuse-lite-1.0.30001032.tgz",
      "integrity": "sha512-8joOm7BwcpEN4BfVHtfh0hBXSAPVYk+eUIcNntGtMkUWy/6AKRCDZINCLe3kB1vHhT2vBxBF85Hh9VlPXi/qjA=="
    },
    "color-convert": {
      "version": "1.9.3",
      "resolved": "https://registry.npmjs.org/color-convert/-/color-convert-1.9.3.tgz",
      "integrity": "sha512-QfAUtd+vFdAtFQcC8CCyYt1fYWxSqAiK2cSD6zDB8N3cpsEBAvRxp9zOGg6G/SHHJYAT88/az/IuDGALsNVbGg==",
      "requires": {
        "color-name": "1.1.3"
      }
    },
    "color-name": {
      "version": "1.1.3",
      "resolved": "https://registry.npmjs.org/color-name/-/color-name-1.1.3.tgz",
      "integrity": "sha1-p9BVi9icQveV3UIyj3QIMcpTvCU="
    },
    "compare-versions": {
      "version": "3.6.0",
      "resolved": "https://registry.npmjs.org/compare-versions/-/compare-versions-3.6.0.tgz",
      "integrity": "sha512-W6Af2Iw1z4CB7q4uU4hv646dW9GQuBM+YpC0UvUCWSD8w90SJjp+ujJuXaEMtAXBtSqGfMPuFOVn4/+FlaqfBA=="
    },
    "concat-map": {
      "version": "0.0.1",
      "resolved": "https://registry.npmjs.org/concat-map/-/concat-map-0.0.1.tgz",
      "integrity": "sha1-2Klr13/Wjfd5OnMDajug1UBdR3s="
    },
    "core-js": {
      "version": "1.2.7",
      "resolved": "https://registry.npmjs.org/core-js/-/core-js-1.2.7.tgz",
      "integrity": "sha1-ZSKUwUZR2yj6k70tX/KYOk8IxjY="
    },
    "create-react-class": {
      "version": "15.6.3",
      "resolved": "https://registry.npmjs.org/create-react-class/-/create-react-class-15.6.3.tgz",
      "integrity": "sha512-M+/3Q6E6DLO6Yx3OwrWjwHBnvfXXYA7W+dFjt/ZDBemHO1DDZhsalX/NUtnTYclN6GfnBDRh4qRHjcDHmlJBJg==",
      "requires": {
        "fbjs": "^0.8.9",
        "loose-envify": "^1.3.1",
        "object-assign": "^4.1.1"
      }
    },
    "debug": {
      "version": "4.1.1",
      "resolved": "https://registry.npmjs.org/debug/-/debug-4.1.1.tgz",
      "integrity": "sha512-pYAIzeRo8J6KPEaJ0VWOh5Pzkbw/RetuzehGM7QRRX5he4fPHx2rdKMB256ehJCkX+XRQm16eZLqLNS8RSZXZw==",
      "requires": {
        "ms": "^2.1.1"
      }
    },
    "ecdsa-sig-formatter": {
      "version": "1.0.11",
      "resolved": "https://registry.npmjs.org/ecdsa-sig-formatter/-/ecdsa-sig-formatter-1.0.11.tgz",
      "integrity": "sha512-nagl3RYrbNv6kQkeJIpt6NJZy8twLB/2vtz6yN9Z4vRKHN4/QZJIEbqohALSgwKdnksuY3k5Addp5lg8sVoVcQ==",
      "requires": {
        "safe-buffer": "^5.0.1"
      }
    },
    "electron-to-chromium": {
      "version": "1.3.372",
      "resolved": "https://registry.npmjs.org/electron-to-chromium/-/electron-to-chromium-1.3.372.tgz",
      "integrity": "sha512-77a4jYC52OdisHM+Tne7dgWEvQT1FoNu/jYl279pP88ZtG4ZRIPyhQwAKxj6C2rzsyC1OwsOds9JlZtNncSz6g=="
    },
    "encoding": {
      "version": "0.1.12",
      "resolved": "https://registry.npmjs.org/encoding/-/encoding-0.1.12.tgz",
      "integrity": "sha1-U4tm8+5izRq1HsMjgp0flIDHS+s=",
      "requires": {
        "iconv-lite": "~0.4.13"
      }
    },
    "escape-string-regexp": {
      "version": "1.0.5",
      "resolved": "https://registry.npmjs.org/escape-string-regexp/-/escape-string-regexp-1.0.5.tgz",
      "integrity": "sha1-G2HAViGQqN/2rjuyzwIAyhMLhtQ="
    },
    "esutils": {
      "version": "2.0.3",
      "resolved": "https://registry.npmjs.org/esutils/-/esutils-2.0.3.tgz",
      "integrity": "sha512-kVscqXk4OCp68SZ0dkgEKVi6/8ij300KBWTJq32P/dYeWTSwK41WyTxalN1eRmA5Z9UU/LX9D7FWSmV9SAYx6g=="
    },
    "fbjs": {
      "version": "0.8.17",
      "resolved": "https://registry.npmjs.org/fbjs/-/fbjs-0.8.17.tgz",
      "integrity": "sha1-xNWY6taUkRJlPWWIsBpc3Nn5D90=",
      "requires": {
        "core-js": "^1.0.0",
        "isomorphic-fetch": "^2.1.1",
        "loose-envify": "^1.0.0",
        "object-assign": "^4.1.0",
        "promise": "^7.1.1",
        "setimmediate": "^1.0.5",
        "ua-parser-js": "^0.7.18"
      }
    },
    "fontfaceobserver": {
      "version": "2.1.0",
      "resolved": "https://registry.npmjs.org/fontfaceobserver/-/fontfaceobserver-2.1.0.tgz",
      "integrity": "sha512-ReOsO2F66jUa0jmv2nlM/s1MiutJx/srhAe2+TE8dJCMi02ZZOcCTxTCQFr3Yet+uODUtnr4Mewg+tNQ+4V1Ng=="
    },
    "fs.realpath": {
      "version": "1.0.0",
      "resolved": "https://registry.npmjs.org/fs.realpath/-/fs.realpath-1.0.0.tgz",
      "integrity": "sha1-FQStJSMVjKpA20onh8sBQRmU6k8="
    },
    "function-bind": {
      "version": "1.1.1",
      "resolved": "https://registry.npmjs.org/function-bind/-/function-bind-1.1.1.tgz",
      "integrity": "sha512-yIovAzMX49sF8Yl58fSCWJ5svSLuaibPxXQJFLmBObTuCr0Mf1KiPopGM9NiFjiYBCbfaa2Fh6breQ6ANVTI0A=="
    },
    "globals": {
      "version": "11.12.0",
      "resolved": "https://registry.npmjs.org/globals/-/globals-11.12.0.tgz",
      "integrity": "sha512-WOBp/EEGUiIsJSp7wcv/y6MO+lV9UoncWqxuFfm8eBwzWNgyfBd6Gz+IeKQ9jCmyhoH99g15M3T+QaVHFjizVA=="
    },
    "has-flag": {
      "version": "3.0.0",
      "resolved": "https://registry.npmjs.org/has-flag/-/has-flag-3.0.0.tgz",
      "integrity": "sha1-tdRU3CGZriJWmfNGfloH87lVuv0="
    },
    "has-symbols": {
      "version": "1.0.1",
      "resolved": "https://registry.npmjs.org/has-symbols/-/has-symbols-1.0.1.tgz",
      "integrity": "sha512-PLcsoqu++dmEIZB+6totNFKq/7Do+Z0u4oT0zKOJNl3lYK6vGwwu2hjHs+68OEZbTjiUE9bgOABXbP/GvrS0Kg=="
    },
    "iconv-lite": {
      "version": "0.4.24",
      "resolved": "https://registry.npmjs.org/iconv-lite/-/iconv-lite-0.4.24.tgz",
      "integrity": "sha512-v3MXnZAcvnywkTUEZomIActle7RXXeedOR31wwl7VlyoXO4Qi9arvSenNQWne1TcRwhCL1HwLI21bEqdpj8/rA==",
      "requires": {
        "safer-buffer": ">= 2.1.2 < 3"
      }
    },
    "ieee754": {
      "version": "1.1.13",
      "resolved": "https://registry.npmjs.org/ieee754/-/ieee754-1.1.13.tgz",
      "integrity": "sha512-4vf7I2LYV/HaWerSo3XmlMkp5eZ83i+/CDluXi/IGTs/O1sejBNhTtnxzmRZfvOUqj7lZjqHkeTvpgSFDlWZTg=="
    },
    "immediate": {
      "version": "3.2.3",
      "resolved": "https://registry.npmjs.org/immediate/-/immediate-3.2.3.tgz",
      "integrity": "sha1-0UD6j2FGWb1lQSMwl92qwlzdmRw="
    },
    "inherits": {
      "version": "2.0.4",
      "resolved": "https://registry.npmjs.org/inherits/-/inherits-2.0.4.tgz",
      "integrity": "sha512-k/vGaX4/Yla3WzyMCvTQOXYeIHvqOKtnqBduzTHpzpQZzAskKMhZ2K+EnBiSM9zGSoIFeMpXKxa4dYeZIQqewQ=="
    },
    "invariant": {
      "version": "2.2.4",
      "resolved": "https://registry.npmjs.org/invariant/-/invariant-2.2.4.tgz",
      "integrity": "sha512-phJfQVBuaJM5raOpJjSfkiD6BpbCE4Ns//LaXl6wGYtUBY83nWS6Rf9tXm2e8VaK60JEjYldbPif/A2B1C2gNA==",
      "requires": {
        "loose-envify": "^1.0.0"
      }
    },
    "is-stream": {
      "version": "1.1.0",
      "resolved": "https://registry.npmjs.org/is-stream/-/is-stream-1.1.0.tgz",
      "integrity": "sha1-EtSj3U5o4Lec6428hBc66A2RykQ="
    },
    "isexe": {
      "version": "2.0.0",
      "resolved": "https://registry.npmjs.org/isexe/-/isexe-2.0.0.tgz",
      "integrity": "sha1-6PvzdNxVb/iUehDcsFctYz8s+hA="
    },
    "isomorphic-fetch": {
      "version": "2.2.1",
      "resolved": "https://registry.npmjs.org/isomorphic-fetch/-/isomorphic-fetch-2.2.1.tgz",
      "integrity": "sha1-YRrhrPFPXoH3KVB0coGf6XM1WKk=",
      "requires": {
        "node-fetch": "^1.0.1",
        "whatwg-fetch": ">=0.10.0"
      }
    },
    "js-tokens": {
      "version": "4.0.0",
      "resolved": "https://registry.npmjs.org/js-tokens/-/js-tokens-4.0.0.tgz",
      "integrity": "sha512-RdJUflcE3cUzKiMqQgsCu06FPu9UdIJO0beYbPhHN4k6apgJtifcoCtT9bcxOpYBtpD2kCM6Sbzg4CausW/PKQ=="
    },
    "jsesc": {
      "version": "2.5.2",
      "resolved": "https://registry.npmjs.org/jsesc/-/jsesc-2.5.2.tgz",
      "integrity": "sha512-OYu7XEzjkCQ3C5Ps3QIZsQfNpqoJyZZA99wd9aWd05NCtC5pWOkShK2mkL6HXQR6/Cy2lbNdPlZBpuQHXE63gA=="
    },
    "json5": {
      "version": "0.5.1",
      "resolved": "https://registry.npmjs.org/json5/-/json5-0.5.1.tgz",
      "integrity": "sha1-Hq3nrMASA0rYTiOWdn6tn6VJWCE="
    },
    "jsonwebtoken": {
      "version": "8.2.1",
      "resolved": "https://registry.npmjs.org/jsonwebtoken/-/jsonwebtoken-8.2.1.tgz",
      "integrity": "sha512-l8rUBr0fqYYwPc8/ZGrue7GiW7vWdZtZqelxo4Sd5lMvuEeCK8/wS54sEo6tJhdZ6hqfutsj6COgC0d1XdbHGw==",
      "requires": {
        "jws": "^3.1.4",
        "lodash.includes": "^4.3.0",
        "lodash.isboolean": "^3.0.3",
        "lodash.isinteger": "^4.0.4",
        "lodash.isnumber": "^3.0.3",
        "lodash.isplainobject": "^4.0.6",
        "lodash.isstring": "^4.0.1",
        "lodash.once": "^4.0.0",
        "ms": "^2.1.1",
        "xtend": "^4.0.1"
      }
    },
    "jwa": {
      "version": "1.4.1",
      "resolved": "https://registry.npmjs.org/jwa/-/jwa-1.4.1.tgz",
      "integrity": "sha512-qiLX/xhEEFKUAJ6FiBMbes3w9ATzyk5W7Hvzpa/SLYdxNtng+gcurvrI7TbACjIXlsJyr05/S1oUhZrc63evQA==",
      "requires": {
        "buffer-equal-constant-time": "1.0.1",
        "ecdsa-sig-formatter": "1.0.11",
        "safe-buffer": "^5.0.1"
      }
    },
    "jws": {
      "version": "3.2.2",
      "resolved": "https://registry.npmjs.org/jws/-/jws-3.2.2.tgz",
      "integrity": "sha512-YHlZCB6lMTllWDtSPHz/ZXTsi8S00usEV6v1tjq8tOUZzw7DpSDWVXjXDre6ed1w/pd495ODpHZYSdkRTsa0HA==",
      "requires": {
        "jwa": "^1.4.1",
        "safe-buffer": "^5.0.1"
      }
    },
    "leven": {
      "version": "3.1.0",
      "resolved": "https://registry.npmjs.org/leven/-/leven-3.1.0.tgz",
      "integrity": "sha512-qsda+H8jTaUaN/x5vzW2rzc+8Rw4TAQ/4KjB46IwK5VH+IlVeeeje/EoZRpiXvIqjFgK84QffqPztGI3VBLG1A=="
    },
    "levenary": {
      "version": "1.1.1",
      "resolved": "https://registry.npmjs.org/levenary/-/levenary-1.1.1.tgz",
      "integrity": "sha512-mkAdOIt79FD6irqjYSs4rdbnlT5vRonMEvBVPVb3XmevfS8kgRXwfes0dhPdEtzTWD/1eNE/Bm/G1iRt6DcnQQ==",
      "requires": {
        "leven": "^3.1.0"
      }
    },
    "lodash": {
      "version": "4.17.15",
      "resolved": "https://registry.npmjs.org/lodash/-/lodash-4.17.15.tgz",
      "integrity": "sha512-8xOcRHvCjnocdS5cpwXQXVzmmh5e5+saE2QGoeQmbKmRS6J3VQppPOIt0MnmE+4xlZoumy0GPG0D0MVIQbNA1A=="
    },
    "lodash.includes": {
      "version": "4.3.0",
      "resolved": "https://registry.npmjs.org/lodash.includes/-/lodash.includes-4.3.0.tgz",
      "integrity": "sha1-YLuYqHy5I8aMoeUTJUgzFISfVT8="
    },
    "lodash.isboolean": {
      "version": "3.0.3",
      "resolved": "https://registry.npmjs.org/lodash.isboolean/-/lodash.isboolean-3.0.3.tgz",
      "integrity": "sha1-bC4XHbKiV82WgC/UOwGyDV9YcPY="
    },
    "lodash.isinteger": {
      "version": "4.0.4",
      "resolved": "https://registry.npmjs.org/lodash.isinteger/-/lodash.isinteger-4.0.4.tgz",
      "integrity": "sha1-YZwK89A/iwTDH1iChAt3sRzWg0M="
    },
    "lodash.isnumber": {
      "version": "3.0.3",
      "resolved": "https://registry.npmjs.org/lodash.isnumber/-/lodash.isnumber-3.0.3.tgz",
      "integrity": "sha1-POdoEMWSjQM1IwGsKHMX8RwLH/w="
    },
    "lodash.isplainobject": {
      "version": "4.0.6",
      "resolved": "https://registry.npmjs.org/lodash.isplainobject/-/lodash.isplainobject-4.0.6.tgz",
      "integrity": "sha1-fFJqUtibRcRcxpC4gWO+BJf1UMs="
    },
    "lodash.isstring": {
      "version": "4.0.1",
      "resolved": "https://registry.npmjs.org/lodash.isstring/-/lodash.isstring-4.0.1.tgz",
      "integrity": "sha1-1SfftUVuynzJu5XV2ur4i6VKVFE="
    },
    "lodash.once": {
      "version": "4.1.1",
      "resolved": "https://registry.npmjs.org/lodash.once/-/lodash.once-4.1.1.tgz",
      "integrity": "sha1-DdOXEhPHxW34gJd9UEyI+0cal6w="
    },
    "long": {
      "version": "4.0.0",
      "resolved": "https://registry.npmjs.org/long/-/long-4.0.0.tgz",
      "integrity": "sha512-XsP+KhQif4bjX1kbuSiySJFNAehNxgLb6hPRGJ9QsUr8ajHkuXGdrHmFUTUUXhDwVX2R5bY4JNZEwbUiMhV+MA=="
    },
    "loose-envify": {
      "version": "1.4.0",
      "resolved": "https://registry.npmjs.org/loose-envify/-/loose-envify-1.4.0.tgz",
      "integrity": "sha512-lyuxPGr/Wfhrlem2CL/UcnUc1zcqKAImBDzukY7Y5F/yQiNdko6+fRLevlw1HgMySw7f611UIY408EtxRSoK3Q==",
      "requires": {
        "js-tokens": "^3.0.0 || ^4.0.0"
      }
    },
    "minimatch": {
      "version": "3.0.4",
      "resolved": "https://registry.npmjs.org/minimatch/-/minimatch-3.0.4.tgz",
      "integrity": "sha512-yJHVQEhyqPLUTgt9B83PXu6W3rx4MvvHvSUvToogpwoGDOUQ+yDrR0HRot+yOCdCO7u4hX3pWft6kWBBcqh0UA==",
      "requires": {
        "brace-expansion": "^1.1.7"
      }
    },
    "moment": {
      "version": "2.24.0",
      "resolved": "https://registry.npmjs.org/moment/-/moment-2.24.0.tgz",
      "integrity": "sha512-bV7f+6l2QigeBBZSM/6yTNq4P2fNpSWj/0e7jQcy87A8e7o2nAfP/34/2ky5Vw4B9S446EtIhodAzkFCcR4dQg=="
    },
    "mongodb-stitch-core-sdk": {
      "version": "4.8.0",
      "resolved": "https://registry.npmjs.org/mongodb-stitch-core-sdk/-/mongodb-stitch-core-sdk-4.8.0.tgz",
      "integrity": "sha512-IK6Yh8mGsX7zzgbk6l/4xt8lxYORpEc/rWSaZoNo70h+u0gBcNlOes6TdlqYgzi5Q/mT0gqWI9jhInrg0IvnGQ==",
      "requires": {
        "base64-js": "^1.3.0",
        "bson": "4.0.2",
        "jsonwebtoken": "8.2.1"
      }
    },
    "mongodb-stitch-core-services-mongodb-remote": {
      "version": "4.8.0",
      "resolved": "https://registry.npmjs.org/mongodb-stitch-core-services-mongodb-remote/-/mongodb-stitch-core-services-mongodb-remote-4.8.0.tgz",
      "integrity": "sha512-sxhmUqXlcn5152vqyoN7tQnowNKMSHUVms0rXOWXMVoHGf5eK+kqhtuT4haz/daa0pwR9L50NKYBRxOLt3phRg==",
      "requires": {
        "bson": "4.0.2",
        "mongodb-stitch-core-sdk": "^4.8.0"
      }
    },
    "mongodb-stitch-react-native-core": {
      "version": "4.8.0",
      "resolved": "https://registry.npmjs.org/mongodb-stitch-react-native-core/-/mongodb-stitch-react-native-core-4.8.0.tgz",
      "integrity": "sha512-6ICyMBdjYUBNvwlw/GiyKTRWUKno8f2uqvreGcqpByUSIeuWeKzeFhdVBc+hXJEuZakJw3YHmcXyKegHI7rktQ==",
      "requires": {
        "bson": "4.0.2",
        "mongodb-stitch-core-sdk": "^4.8.0"
      }
    },
    "mongodb-stitch-react-native-sdk": {
      "version": "4.8.0",
      "resolved": "https://registry.npmjs.org/mongodb-stitch-react-native-sdk/-/mongodb-stitch-react-native-sdk-4.8.0.tgz",
      "integrity": "sha512-DFnCkXHgzGRwpJNKOubTzAVBL5z/9o+Un+vaEhcMu/nviMyHngjUg1updwlaBp/UGdRuu/1jv69rbutRpA+fIA==",
      "requires": {
        "mongodb-stitch-react-native-core": "^4.8.0",
        "mongodb-stitch-react-native-services-mongodb-remote": "^4.8.0"
      }
    },
    "mongodb-stitch-react-native-services-mongodb-remote": {
      "version": "4.8.0",
      "resolved": "https://registry.npmjs.org/mongodb-stitch-react-native-services-mongodb-remote/-/mongodb-stitch-react-native-services-mongodb-remote-4.8.0.tgz",
      "integrity": "sha512-xv7zxWhQbJu2J1ZEHMG9AOV5KQr02c6aKOlPpfOLB9ug9L0lXoYNYwCv8gqL053If3CEAx0LmAneTDaeCe5eMA==",
      "requires": {
        "mongodb-stitch-core-services-mongodb-remote": "^4.8.0",
        "mongodb-stitch-react-native-core": "^4.8.0"
      }
    },
    "ms": {
      "version": "2.1.2",
      "resolved": "https://registry.npmjs.org/ms/-/ms-2.1.2.tgz",
      "integrity": "sha512-sGkPx+VjMtmA6MX27oA4FBFELFCZZ4S4XqeGOXCv68tT+jb3vk/RyaKWP0PTKyWtmLSM0b+adUTEvbs1PEaH2w=="
    },
    "nice-try": {
      "version": "1.0.5",
      "resolved": "https://registry.npmjs.org/nice-try/-/nice-try-1.0.5.tgz",
      "integrity": "sha512-1nh45deeb5olNY7eX82BkPO7SSxR5SSYJiPTrTdFUVYwAl8CKMA5N9PjTYkHiRjisVcxcQ1HXdLhx2qxxJzLNQ=="
    },
    "node-fetch": {
      "version": "1.7.3",
      "resolved": "https://registry.npmjs.org/node-fetch/-/node-fetch-1.7.3.tgz",
      "integrity": "sha512-NhZ4CsKx7cYm2vSrBAr2PvFOe6sWDf0UYLRqA6svUYg7+/TSfVAu49jYC4BvQ4Sms9SZgdqGBgroqfDhJdTyKQ==",
      "requires": {
        "encoding": "^0.1.11",
        "is-stream": "^1.0.1"
      }
    },
    "node-releases": {
      "version": "1.1.50",
      "resolved": "https://registry.npmjs.org/node-releases/-/node-releases-1.1.50.tgz",
      "integrity": "sha512-lgAmPv9eYZ0bGwUYAKlr8MG6K4CvWliWqnkcT2P8mMAgVrH3lqfBPorFlxiG1pHQnqmavJZ9vbMXUTNyMLbrgQ==",
      "requires": {
        "semver": "^6.3.0"
      },
      "dependencies": {
        "semver": {
          "version": "6.3.0",
          "resolved": "https://registry.npmjs.org/semver/-/semver-6.3.0.tgz",
          "integrity": "sha512-b39TBaTSfV6yBrapU89p5fKekE2m/NwnDocOVruQFS1/veMgdzuPcnOM34M6CwxW8jH/lxEa5rBoDeUwu5HHTw=="
        }
      }
    },
    "object-assign": {
      "version": "4.1.1",
      "resolved": "https://registry.npmjs.org/object-assign/-/object-assign-4.1.1.tgz",
      "integrity": "sha1-IQmtx5ZYh8/AXLvUQsrIv7s2CGM="
    },
    "performance-now": {
      "version": "2.1.0",
      "resolved": "https://registry.npmjs.org/performance-now/-/performance-now-2.1.0.tgz",
      "integrity": "sha1-Ywn04OX6kT7BxpMHrjZLSzd8nns="
    },
    "promise": {
      "version": "7.3.1",
      "resolved": "https://registry.npmjs.org/promise/-/promise-7.3.1.tgz",
      "integrity": "sha512-nolQXZ/4L+bP/UGlkfaIujX9BKxGwmQ9OT4mOt5yvy8iK1h3wqTEJCijzGANTCCl9nWjY41juyAn2K3Q1hLLTg==",
      "requires": {
        "asap": "~2.0.3"
      }
    },
    "prop-types": {
      "version": "15.7.2",
      "resolved": "https://registry.npmjs.org/prop-types/-/prop-types-15.7.2.tgz",
      "integrity": "sha512-8QQikdH7//R2vurIJSutZ1smHYTcLpRWEOlHnzcWHmBYrOGUysKwSsrC89BCiFj3CbrfJ/nXFdJepOVrY1GCHQ==",
      "requires": {
        "loose-envify": "^1.4.0",
        "object-assign": "^4.1.1",
        "react-is": "^16.8.1"
      }
    },
    "raf": {
      "version": "3.4.1",
      "resolved": "https://registry.npmjs.org/raf/-/raf-3.4.1.tgz",
      "integrity": "sha512-Sq4CW4QhwOHE8ucn6J34MqtZCeWFP2aQSmrlroYgqAV1PjStIhJXxYuTgUIfkEk7zTLjmIjLmU5q+fbD1NnOJA==",
      "requires": {
        "performance-now": "^2.1.0"
      }
    },
    "react-is": {
      "version": "16.13.1",
      "resolved": "https://registry.npmjs.org/react-is/-/react-is-16.13.1.tgz",
      "integrity": "sha512-24e6ynE2H+OKt4kqsOvNd8kBpV65zoxbA4BVsEOB3ARVWQki/DHzaUoC5KuON/BiccDaCCTZBuOcfZs70kR8bQ=="
    },
    "react-native-confetti": {
      "version": "0.1.0",
      "resolved": "https://registry.npmjs.org/react-native-confetti/-/react-native-confetti-0.1.0.tgz",
      "integrity": "sha512-+cXJvnPXKc0i/eTQcuzcjrlfIxmn/xFw4UyuVKQOWNK6BfWABvO6Ms6Zp6ivF1E8Vxt2vJkzJlNyoBvMh9FxKA=="
    },
    "react-native-swipeout": {
      "version": "2.3.6",
      "resolved": "https://registry.npmjs.org/react-native-swipeout/-/react-native-swipeout-2.3.6.tgz",
      "integrity": "sha512-t9suUCspzck4vp2pWggWe0frS/QOtX6yYCawHnEes75A7dZCEE74bxX2A1bQzGH9cUMjq6xsdfC94RbiDKIkJg==",
      "requires": {
        "create-react-class": "^15.6.0",
        "prop-types": "^15.5.10",
        "react-tween-state": "^0.1.5"
      }
    },
    "react-tween-state": {
      "version": "0.1.5",
      "resolved": "https://registry.npmjs.org/react-tween-state/-/react-tween-state-0.1.5.tgz",
      "integrity": "sha1-6YsGZVHvuTy5LdG+FJlcLj3q4zk=",
      "requires": {
        "raf": "^3.1.0",
        "tween-functions": "^1.0.1"
      }
    },
    "safe-buffer": {
      "version": "5.2.0",
      "resolved": "https://registry.npmjs.org/safe-buffer/-/safe-buffer-5.2.0.tgz",
      "integrity": "sha512-fZEwUGbVl7kouZs1jCdMLdt95hdIv0ZeHg6L7qPeciMZhZ+/gdesW4wgTARkrFWEpspjEATAzUGPG8N2jJiwbg=="
    },
    "safer-buffer": {
      "version": "2.1.2",
      "resolved": "https://registry.npmjs.org/safer-buffer/-/safer-buffer-2.1.2.tgz",
      "integrity": "sha512-YZo3K82SD7Riyi0E1EQPojLz7kpepnSQI9IyPbHHg1XXXevb5dJI7tpyN2ADxGcQbHG7vcyRHk0cbwqcQriUtg=="
    },
    "setimmediate": {
      "version": "1.0.5",
      "resolved": "https://registry.npmjs.org/setimmediate/-/setimmediate-1.0.5.tgz",
      "integrity": "sha1-KQy7Iy4waULX1+qbg3Mqt4VvgoU="
    },
    "tween-functions": {
      "version": "1.2.0",
      "resolved": "https://registry.npmjs.org/tween-functions/-/tween-functions-1.2.0.tgz",
      "integrity": "sha1-GuOlDnxguz3vd06scHrLynO7w/8="
    },
    "ua-parser-js": {
      "version": "0.7.21",
      "resolved": "https://registry.npmjs.org/ua-parser-js/-/ua-parser-js-0.7.21.tgz",
      "integrity": "sha512-+O8/qh/Qj8CgC6eYBVBykMrNtp5Gebn4dlGD/kKXVkJNDwyrAwSIqwz8CDf+tsAIWVycKcku6gIXJ0qwx/ZXaQ=="
    },
    "whatwg-fetch": {
      "version": "3.0.0",
      "resolved": "https://registry.npmjs.org/whatwg-fetch/-/whatwg-fetch-3.0.0.tgz",
      "integrity": "sha512-9GSJUgz1D4MfyKU7KRqwOjXCXTqWdFNvEr7eUBYchQiVc744mqK/MzXPNR2WsPkmkOa4ywfg8C2n8h+13Bey1Q=="
    },
    "xtend": {
      "version": "4.0.2",
      "resolved": "https://registry.npmjs.org/xtend/-/xtend-4.0.2.tgz",
      "integrity": "sha512-LKYU1iAXJXUgAXn9URjiu+MWhyUXHsvfp7mcuYm9dSUKK0/CjtrUwFAxD82/mCWbtLsGjFIad0wIsod4zrTAEQ=="
    }
  }
}
